
Microsoft Visual Studio Solution File, Format Version 12.00
# Visual Studio 14
VisualStudioVersion = 14.0.25420.1
MinimumVisualStudioVersion = 10.0.40219.1
Project("{FAE04EC0-301F-11D3-BF4B-00C04F79EFBC}") = "PasswordManager.App", "PasswordManager.App\PasswordManager.App.csproj", "{6A36CCED-A247-455C-B895-7FE0ED02FC03}"
EndProject
Project("{FAE04EC0-301F-11D3-BF4B-00C04F79EFBC}") = "PasswordManager.DLL", "PasswordManager.DLL\PasswordManager.DLL.csproj", "{D68928A0-8E7B-4BB7-8A51-06A45FE376BD}"
EndProject
Project("{FAE04EC0-301F-11D3-BF4B-00C04F79EFBC}") = "PasswordManager.Gulipso", "PasswordManager.Gulipso\PasswordManager.Gulipso.csproj", "{15FCCE1E-466E-46D1-820A-60D9F25A13F3}"
EndProject
Global
	GlobalSection(SolutionConfigurationPlatforms) = preSolution
		Debug|Any CPU = Debug|Any CPU
		Release|Any CPU = Release|Any CPU
	EndGlobalSection
	GlobalSection(ProjectConfigurationPlatforms) = postSolution
		{6A36CCED-A247-455C-B895-7FE0ED02FC03}.Debug|Any CPU.ActiveCfg = Debug|Any CPU
		{6A36CCED-A247-455C-B895-7FE0ED02FC03}.Debug|Any CPU.Build.0 = Debug|Any CPU
		{6A36CCED-A247-455C-B895-7FE0ED02FC03}.Release|Any CPU.ActiveCfg = Release|Any CPU
		{6A36CCED-A247-455C-B895-7FE0ED02FC03}.Release|Any CPU.Build.0 = Release|Any CPU
		{D68928A0-8E7B-4BB7-8A51-06A45FE376BD}.Debug|Any CPU.ActiveCfg = Debug|Any CPU
		{D68928A0-8E7B-4BB7-8A51-06A45FE376BD}.Debug|Any CPU.Build.0 = Debug|Any CPU
		{D68928A0-8E7B-4BB7-8A51-06A45FE376BD}.Release|Any CPU.ActiveCfg = Release|Any CPU
		{D68928A0-8E7B-4BB7-8A51-06A45FE376BD}.Release|Any CPU.Build.0 = Release|Any CPU
		{15FCCE1E-466E-46D1-820A-60D9F25A13F3}.Debug|Any CPU.ActiveCfg = Debug|Any CPU
		{15FCCE1E-466E-46D1-820A-60D9F25A13F3}.Debug|Any CPU.Build.0 = Debug|Any CPU
		{15FCCE1E-466E-46D1-820A-60D9F25A13F3}.Release|Any CPU.ActiveCfg = Release|Any CPU
		{15FCCE1E-466E-46D1-820A-60D9F25A13F3}.Release|Any CPU.Build.0 = Release|Any CPU
	EndGlobalSection
	GlobalSection(SolutionProperties) = preSolution
		HideSolutionNode = FALSE
	EndGlobalSection
EndGlobal
