
Microsoft Visual Studio Solution File, Format Version 12.00
# Visual Studio 14
VisualStudioVersion = 14.0.25420.1
MinimumVisualStudioVersion = 10.0.40219.1
Project("{FAE04EC0-301F-11D3-BF4B-00C04F79EFBC}") = "PasswordManager.App", "PasswordManager.App\PasswordManager.App.csproj", "{6A36CCED-A247-455C-B895-7FE0ED02FC03}"
EndProject
Project("{FAE04EC0-301F-11D3-BF4B-00C04F79EFBC}") = "PasswordManager.Gulipso", "PasswordManager.Gulipso\PasswordManager.Gulipso.csproj", "{15FCCE1E-466E-46D1-820A-60D9F25A13F3}"
EndProject
Project("{FAE04EC0-301F-11D3-BF4B-00C04F79EFBC}") = "PasswordManager.Globals", "PasswordManager.Globals\PasswordManager.Globals.csproj", "{375CC2D7-518E-4573-A749-061AE3F1C0AE}"
EndProject
Project("{FAE04EC0-301F-11D3-BF4B-00C04F79EFBC}") = "PasswordManager.Entities", "PasswordManager.Entities\PasswordManager.Entities.csproj", "{6A5C6F1F-E50B-4265-A71E-94087685B895}"
EndProject
Project("{FAE04EC0-301F-11D3-BF4B-00C04F79EFBC}") = "PasswordManager.Filer", "PasswordManager.Filer\PasswordManager.Filer.csproj", "{0C266D87-FCB6-479E-8231-8BEC5580FD69}"
EndProject
Project("{FAE04EC0-301F-11D3-BF4B-00C04F79EFBC}") = "PasswordManager.Database", "PasswordManager.Database\PasswordManager.Database.csproj", "{D83C72A3-EA31-418D-97E5-BEFAD7265732}"
EndProject
Project("{54435603-DBB4-11D2-8724-00A0C9A8B90C}") = "PasswordManager.Setup", "PasswordManager.Setup\PasswordManager.Setup.vdproj", "{A6B7A8E2-4986-4A61-9A73-C96DFFCB1F58}"
EndProject
Project("{FAE04EC0-301F-11D3-BF4B-00C04F79EFBC}") = "PasswordManager.Data", "PasswordManager.Data\PasswordManager.Data.csproj", "{5593C6E4-1E62-4457-A707-FBA761366E54}"
EndProject
Project("{FAE04EC0-301F-11D3-BF4B-00C04F79EFBC}") = "PasswordManager.Services", "PasswordManager.Services\PasswordManager.Services.csproj", "{28216773-A7F6-45B4-AB4D-183EE79A8C69}"
EndProject
Project("{FAE04EC0-301F-11D3-BF4B-00C04F79EFBC}") = "PasswordManager.Theme", "PasswordManager.Theme\PasswordManager.Theme.csproj", "{02AF1A3F-28E9-425D-A87E-035591B53FBD}"
EndProject
Global
	GlobalSection(SolutionConfigurationPlatforms) = preSolution
		Debug|Any CPU = Debug|Any CPU
		Release|Any CPU = Release|Any CPU
	EndGlobalSection
	GlobalSection(ProjectConfigurationPlatforms) = postSolution
		{6A36CCED-A247-455C-B895-7FE0ED02FC03}.Debug|Any CPU.ActiveCfg = Debug|Any CPU
		{6A36CCED-A247-455C-B895-7FE0ED02FC03}.Debug|Any CPU.Build.0 = Debug|Any CPU
		{6A36CCED-A247-455C-B895-7FE0ED02FC03}.Release|Any CPU.ActiveCfg = Release|Any CPU
		{6A36CCED-A247-455C-B895-7FE0ED02FC03}.Release|Any CPU.Build.0 = Release|Any CPU
		{15FCCE1E-466E-46D1-820A-60D9F25A13F3}.Debug|Any CPU.ActiveCfg = Debug|Any CPU
		{15FCCE1E-466E-46D1-820A-60D9F25A13F3}.Debug|Any CPU.Build.0 = Debug|Any CPU
		{15FCCE1E-466E-46D1-820A-60D9F25A13F3}.Release|Any CPU.ActiveCfg = Release|Any CPU
		{15FCCE1E-466E-46D1-820A-60D9F25A13F3}.Release|Any CPU.Build.0 = Release|Any CPU
		{375CC2D7-518E-4573-A749-061AE3F1C0AE}.Debug|Any CPU.ActiveCfg = Debug|Any CPU
		{375CC2D7-518E-4573-A749-061AE3F1C0AE}.Debug|Any CPU.Build.0 = Debug|Any CPU
		{375CC2D7-518E-4573-A749-061AE3F1C0AE}.Release|Any CPU.ActiveCfg = Release|Any CPU
		{375CC2D7-518E-4573-A749-061AE3F1C0AE}.Release|Any CPU.Build.0 = Release|Any CPU
		{6A5C6F1F-E50B-4265-A71E-94087685B895}.Debug|Any CPU.ActiveCfg = Debug|Any CPU
		{6A5C6F1F-E50B-4265-A71E-94087685B895}.Debug|Any CPU.Build.0 = Debug|Any CPU
		{6A5C6F1F-E50B-4265-A71E-94087685B895}.Release|Any CPU.ActiveCfg = Release|Any CPU
		{6A5C6F1F-E50B-4265-A71E-94087685B895}.Release|Any CPU.Build.0 = Release|Any CPU
		{0C266D87-FCB6-479E-8231-8BEC5580FD69}.Debug|Any CPU.ActiveCfg = Debug|Any CPU
		{0C266D87-FCB6-479E-8231-8BEC5580FD69}.Debug|Any CPU.Build.0 = Debug|Any CPU
		{0C266D87-FCB6-479E-8231-8BEC5580FD69}.Release|Any CPU.ActiveCfg = Release|Any CPU
		{0C266D87-FCB6-479E-8231-8BEC5580FD69}.Release|Any CPU.Build.0 = Release|Any CPU
		{D83C72A3-EA31-418D-97E5-BEFAD7265732}.Debug|Any CPU.ActiveCfg = Debug|Any CPU
		{D83C72A3-EA31-418D-97E5-BEFAD7265732}.Debug|Any CPU.Build.0 = Debug|Any CPU
		{D83C72A3-EA31-418D-97E5-BEFAD7265732}.Release|Any CPU.ActiveCfg = Release|Any CPU
		{D83C72A3-EA31-418D-97E5-BEFAD7265732}.Release|Any CPU.Build.0 = Release|Any CPU
		{A6B7A8E2-4986-4A61-9A73-C96DFFCB1F58}.Debug|Any CPU.ActiveCfg = Debug
		{A6B7A8E2-4986-4A61-9A73-C96DFFCB1F58}.Release|Any CPU.ActiveCfg = Release
		{5593C6E4-1E62-4457-A707-FBA761366E54}.Debug|Any CPU.ActiveCfg = Debug|Any CPU
		{5593C6E4-1E62-4457-A707-FBA761366E54}.Debug|Any CPU.Build.0 = Debug|Any CPU
		{5593C6E4-1E62-4457-A707-FBA761366E54}.Release|Any CPU.ActiveCfg = Release|Any CPU
		{5593C6E4-1E62-4457-A707-FBA761366E54}.Release|Any CPU.Build.0 = Release|Any CPU
		{28216773-A7F6-45B4-AB4D-183EE79A8C69}.Debug|Any CPU.ActiveCfg = Debug|Any CPU
		{28216773-A7F6-45B4-AB4D-183EE79A8C69}.Debug|Any CPU.Build.0 = Debug|Any CPU
		{28216773-A7F6-45B4-AB4D-183EE79A8C69}.Release|Any CPU.ActiveCfg = Release|Any CPU
		{28216773-A7F6-45B4-AB4D-183EE79A8C69}.Release|Any CPU.Build.0 = Release|Any CPU
		{02AF1A3F-28E9-425D-A87E-035591B53FBD}.Debug|Any CPU.ActiveCfg = Debug|Any CPU
		{02AF1A3F-28E9-425D-A87E-035591B53FBD}.Debug|Any CPU.Build.0 = Debug|Any CPU
		{02AF1A3F-28E9-425D-A87E-035591B53FBD}.Release|Any CPU.ActiveCfg = Release|Any CPU
		{02AF1A3F-28E9-425D-A87E-035591B53FBD}.Release|Any CPU.Build.0 = Release|Any CPU
	EndGlobalSection
	GlobalSection(SolutionProperties) = preSolution
		HideSolutionNode = FALSE
	EndGlobalSection
EndGlobal
